
Microsoft Visual Studio Solution File, Format Version 12.00
# Visual Studio Version 16
VisualStudioVersion = 16.0.30523.141
MinimumVisualStudioVersion = 10.0.40219.1
Project("{FAE04EC0-301F-11D3-BF4B-00C04F79EFBC}") = "FileWorkerHomeWork", "FileWorkerHomeWork\FileWorkerHomeWork.csproj", "{BD65C3F1-04E4-45C3-B7C3-D4AEE18922B8}"
EndProject
Global
	GlobalSection(SolutionConfigurationPlatforms) = preSolution
		Debug|Any CPU = Debug|Any CPU
		Release|Any CPU = Release|Any CPU
	EndGlobalSection
	GlobalSection(ProjectConfigurationPlatforms) = postSolution
		{BD65C3F1-04E4-45C3-B7C3-D4AEE18922B8}.Debug|Any CPU.ActiveCfg = Debug|Any CPU
		{BD65C3F1-04E4-45C3-B7C3-D4AEE18922B8}.Debug|Any CPU.Build.0 = Debug|Any CPU
		{BD65C3F1-04E4-45C3-B7C3-D4AEE18922B8}.Release|Any CPU.ActiveCfg = Release|Any CPU
		{BD65C3F1-04E4-45C3-B7C3-D4AEE18922B8}.Release|Any CPU.Build.0 = Release|Any CPU
	EndGlobalSection
	GlobalSection(SolutionProperties) = preSolution
		HideSolutionNode = FALSE
	EndGlobalSection
	GlobalSection(ExtensibilityGlobals) = postSolution
		SolutionGuid = {92E68B25-2338-45A1-A21D-7A7D223AC70B}
	EndGlobalSection
EndGlobal
